// !$*UTF8*$!
{
	archiveVersion = 1;
	classes = {
	};
	objectVersion = 56;
	objects = {

/* Begin PBXBuildFile section */
		302A1F3F2A78E76C008C78FD /* PortfolioCoin.swift in Sources */ = {isa = PBXBuildFile; fileRef = 302A1F3E2A78E76C008C78FD /* PortfolioCoin.swift */; };
		302A1F412A78EA33008C78FD /* PortfolioCoinModel.swift in Sources */ = {isa = PBXBuildFile; fileRef = 302A1F402A78EA33008C78FD /* PortfolioCoinModel.swift */; };
		3096D5AC2A4D6CC100F3FB2E /* CoinDetailView.swift in Sources */ = {isa = PBXBuildFile; fileRef = 3096D5AB2A4D6CC100F3FB2E /* CoinDetailView.swift */; };
		3096D5B02A4D6D0900F3FB2E /* Coin.swift in Sources */ = {isa = PBXBuildFile; fileRef = 3096D5AF2A4D6D0900F3FB2E /* Coin.swift */; };
		3096D5B42A4D6ED000F3FB2E /* CoinsListViewModel.swift in Sources */ = {isa = PBXBuildFile; fileRef = 3096D5B32A4D6ED000F3FB2E /* CoinsListViewModel.swift */; };
		3096D5B62A4D6F8400F3FB2E /* CoinDetailViewModel.swift in Sources */ = {isa = PBXBuildFile; fileRef = 3096D5B52A4D6F8400F3FB2E /* CoinDetailViewModel.swift */; };
		3096D5B92A4D75AA00F3FB2E /* CoinListRow.swift in Sources */ = {isa = PBXBuildFile; fileRef = 3096D5B82A4D75AA00F3FB2E /* CoinListRow.swift */; };
		F106B9D12A8FBC3D0063E6E1 /* CoinError.swift in Sources */ = {isa = PBXBuildFile; fileRef = F106B9D02A8FBC3D0063E6E1 /* CoinError.swift */; };
		F12B06532A950B2300120CE9 /* NetworkLayer.swift in Sources */ = {isa = PBXBuildFile; fileRef = F12B06522A950B2300120CE9 /* NetworkLayer.swift */; };
		F135DEE82A7BD8A3000F7B23 /* PortfolioListRow.swift in Sources */ = {isa = PBXBuildFile; fileRef = F135DEE72A7BD8A3000F7B23 /* PortfolioListRow.swift */; };
		F135DEEA2A7BD938000F7B23 /* Coinss.swift in Sources */ = {isa = PBXBuildFile; fileRef = F135DEE92A7BD938000F7B23 /* Coinss.swift */; };
		F16A05202A8F8CB80052489F /* CoinModel.swift in Sources */ = {isa = PBXBuildFile; fileRef = F16A051F2A8F8CB80052489F /* CoinModel.swift */; };
		F16A05272A8F9A020052489F /* CoinFullListView.swift in Sources */ = {isa = PBXBuildFile; fileRef = F16A05262A8F9A020052489F /* CoinFullListView.swift */; };
		F16A05292A8F9A8F0052489F /* CoinRowView.swift in Sources */ = {isa = PBXBuildFile; fileRef = F16A05282A8F9A8F0052489F /* CoinRowView.swift */; };
		F16A052C2A8F9DEF0052489F /* Double.swift in Sources */ = {isa = PBXBuildFile; fileRef = F16A052B2A8F9DEF0052489F /* Double.swift */; };
		F16A052E2A8FA9B10052489F /* ContentViewModel.swift in Sources */ = {isa = PBXBuildFile; fileRef = F16A052D2A8FA9B10052489F /* ContentViewModel.swift */; };
		F19455A02A6EE169002E5A3F /* CoreDataPortfolio.swift in Sources */ = {isa = PBXBuildFile; fileRef = F194559F2A6EE169002E5A3F /* CoreDataPortfolio.swift */; };
		F19455A42A6EE1A7002E5A3F /* PortfolioView.swift in Sources */ = {isa = PBXBuildFile; fileRef = F19455A32A6EE1A7002E5A3F /* PortfolioView.swift */; };
		F19455A62A6EE1C9002E5A3F /* PortfolioViewModel.swift in Sources */ = {isa = PBXBuildFile; fileRef = F19455A52A6EE1C9002E5A3F /* PortfolioViewModel.swift */; };
		F19455A92A6EE20F002E5A3F /* PortfolioContainer.xcdatamodeld in Sources */ = {isa = PBXBuildFile; fileRef = F19455A72A6EE20F002E5A3F /* PortfolioContainer.xcdatamodeld */; };
		F19FAF552A48C36200777138 /* Crypto_1_EditionApp.swift in Sources */ = {isa = PBXBuildFile; fileRef = F19FAF542A48C36200777138 /* Crypto_1_EditionApp.swift */; };
		F19FAF572A48C36200777138 /* CoinsListView.swift in Sources */ = {isa = PBXBuildFile; fileRef = F19FAF562A48C36200777138 /* CoinsListView.swift */; };
		F19FAF592A48C36400777138 /* Assets.xcassets in Resources */ = {isa = PBXBuildFile; fileRef = F19FAF582A48C36400777138 /* Assets.xcassets */; };
		F19FAF5C2A48C36400777138 /* Preview Assets.xcassets in Resources */ = {isa = PBXBuildFile; fileRef = F19FAF5B2A48C36400777138 /* Preview Assets.xcassets */; };
		F1D84F3F2A54216E00AA4C8D /* FavouriteViewModel.swift in Sources */ = {isa = PBXBuildFile; fileRef = F1D84F3E2A54216E00AA4C8D /* FavouriteViewModel.swift */; };
		F1DCD89B2A49FBBA0037868A /* FavouritesView.swift in Sources */ = {isa = PBXBuildFile; fileRef = F1DCD89A2A49FBBA0037868A /* FavouritesView.swift */; };
		F1F764E62A65EA6A00967E9A /* CoreDataManager.swift in Sources */ = {isa = PBXBuildFile; fileRef = F1F764E52A65EA6A00967E9A /* CoreDataManager.swift */; };
		F1F764E92A65EA8600967E9A /* CoinsContainer.xcdatamodeld in Sources */ = {isa = PBXBuildFile; fileRef = F1F764E72A65EA8600967E9A /* CoinsContainer.xcdatamodeld */; };
/* End PBXBuildFile section */

/* Begin PBXFileReference section */
		302A1F3E2A78E76C008C78FD /* PortfolioCoin.swift */ = {isa = PBXFileReference; lastKnownFileType = sourcecode.swift; path = PortfolioCoin.swift; sourceTree = "<group>"; };
		302A1F402A78EA33008C78FD /* PortfolioCoinModel.swift */ = {isa = PBXFileReference; lastKnownFileType = sourcecode.swift; path = PortfolioCoinModel.swift; sourceTree = "<group>"; };
		3096D5AB2A4D6CC100F3FB2E /* CoinDetailView.swift */ = {isa = PBXFileReference; lastKnownFileType = sourcecode.swift; path = CoinDetailView.swift; sourceTree = "<group>"; };
		3096D5AF2A4D6D0900F3FB2E /* Coin.swift */ = {isa = PBXFileReference; lastKnownFileType = sourcecode.swift; path = Coin.swift; sourceTree = "<group>"; };
		3096D5B32A4D6ED000F3FB2E /* CoinsListViewModel.swift */ = {isa = PBXFileReference; lastKnownFileType = sourcecode.swift; path = CoinsListViewModel.swift; sourceTree = "<group>"; };
		3096D5B52A4D6F8400F3FB2E /* CoinDetailViewModel.swift */ = {isa = PBXFileReference; lastKnownFileType = sourcecode.swift; path = CoinDetailViewModel.swift; sourceTree = "<group>"; };
		3096D5B82A4D75AA00F3FB2E /* CoinListRow.swift */ = {isa = PBXFileReference; lastKnownFileType = sourcecode.swift; path = CoinListRow.swift; sourceTree = "<group>"; };
		F106B9D02A8FBC3D0063E6E1 /* CoinError.swift */ = {isa = PBXFileReference; lastKnownFileType = sourcecode.swift; path = CoinError.swift; sourceTree = "<group>"; };
		F12B06522A950B2300120CE9 /* NetworkLayer.swift */ = {isa = PBXFileReference; lastKnownFileType = sourcecode.swift; path = NetworkLayer.swift; sourceTree = "<group>"; };
		F135DEDD2A718A62000F7B23 /* Crypto-1-Edition-Info.plist */ = {isa = PBXFileReference; lastKnownFileType = text.plist; path = "Crypto-1-Edition-Info.plist"; sourceTree = SOURCE_ROOT; };
		F135DEE72A7BD8A3000F7B23 /* PortfolioListRow.swift */ = {isa = PBXFileReference; lastKnownFileType = sourcecode.swift; path = PortfolioListRow.swift; sourceTree = "<group>"; };
		F135DEE92A7BD938000F7B23 /* Coinss.swift */ = {isa = PBXFileReference; lastKnownFileType = sourcecode.swift; path = Coinss.swift; sourceTree = "<group>"; };
		F16A051F2A8F8CB80052489F /* CoinModel.swift */ = {isa = PBXFileReference; lastKnownFileType = sourcecode.swift; path = CoinModel.swift; sourceTree = "<group>"; };
		F16A05262A8F9A020052489F /* CoinFullListView.swift */ = {isa = PBXFileReference; lastKnownFileType = sourcecode.swift; path = CoinFullListView.swift; sourceTree = "<group>"; };
		F16A05282A8F9A8F0052489F /* CoinRowView.swift */ = {isa = PBXFileReference; lastKnownFileType = sourcecode.swift; path = CoinRowView.swift; sourceTree = "<group>"; };
		F16A052B2A8F9DEF0052489F /* Double.swift */ = {isa = PBXFileReference; lastKnownFileType = sourcecode.swift; path = Double.swift; sourceTree = "<group>"; };
		F16A052D2A8FA9B10052489F /* ContentViewModel.swift */ = {isa = PBXFileReference; lastKnownFileType = sourcecode.swift; path = ContentViewModel.swift; sourceTree = "<group>"; };
		F194559F2A6EE169002E5A3F /* CoreDataPortfolio.swift */ = {isa = PBXFileReference; lastKnownFileType = sourcecode.swift; path = CoreDataPortfolio.swift; sourceTree = "<group>"; };
		F19455A32A6EE1A7002E5A3F /* PortfolioView.swift */ = {isa = PBXFileReference; lastKnownFileType = sourcecode.swift; path = PortfolioView.swift; sourceTree = "<group>"; };
		F19455A52A6EE1C9002E5A3F /* PortfolioViewModel.swift */ = {isa = PBXFileReference; lastKnownFileType = sourcecode.swift; path = PortfolioViewModel.swift; sourceTree = "<group>"; };
		F19455A82A6EE20F002E5A3F /* PortfolioContainer.xcdatamodel */ = {isa = PBXFileReference; lastKnownFileType = wrapper.xcdatamodel; path = PortfolioContainer.xcdatamodel; sourceTree = "<group>"; };
		F19FAF512A48C36200777138 /* Crypto_1_Edition.app */ = {isa = PBXFileReference; explicitFileType = wrapper.application; includeInIndex = 0; path = Crypto_1_Edition.app; sourceTree = BUILT_PRODUCTS_DIR; };
		F19FAF542A48C36200777138 /* Crypto_1_EditionApp.swift */ = {isa = PBXFileReference; lastKnownFileType = sourcecode.swift; path = Crypto_1_EditionApp.swift; sourceTree = "<group>"; };
		F19FAF562A48C36200777138 /* CoinsListView.swift */ = {isa = PBXFileReference; lastKnownFileType = sourcecode.swift; path = CoinsListView.swift; sourceTree = "<group>"; };
		F19FAF582A48C36400777138 /* Assets.xcassets */ = {isa = PBXFileReference; lastKnownFileType = folder.assetcatalog; path = Assets.xcassets; sourceTree = "<group>"; };
		F19FAF5B2A48C36400777138 /* Preview Assets.xcassets */ = {isa = PBXFileReference; lastKnownFileType = folder.assetcatalog; path = "Preview Assets.xcassets"; sourceTree = "<group>"; };
		F1D84F3E2A54216E00AA4C8D /* FavouriteViewModel.swift */ = {isa = PBXFileReference; lastKnownFileType = sourcecode.swift; path = FavouriteViewModel.swift; sourceTree = "<group>"; };
		F1DCD89A2A49FBBA0037868A /* FavouritesView.swift */ = {isa = PBXFileReference; lastKnownFileType = sourcecode.swift; path = FavouritesView.swift; sourceTree = "<group>"; };
		F1F764E52A65EA6A00967E9A /* CoreDataManager.swift */ = {isa = PBXFileReference; lastKnownFileType = sourcecode.swift; path = CoreDataManager.swift; sourceTree = "<group>"; };
		F1F764E82A65EA8600967E9A /* CoinsContainer.xcdatamodel */ = {isa = PBXFileReference; lastKnownFileType = wrapper.xcdatamodel; path = CoinsContainer.xcdatamodel; sourceTree = "<group>"; };
/* End PBXFileReference section */

/* Begin PBXFrameworksBuildPhase section */
		F19FAF4E2A48C36200777138 /* Frameworks */ = {
			isa = PBXFrameworksBuildPhase;
			buildActionMask = 2147483647;
			files = (
			);
			runOnlyForDeploymentPostprocessing = 0;
		};
/* End PBXFrameworksBuildPhase section */

/* Begin PBXGroup section */
		3096D5AD2A4D6CED00F3FB2E /* BusinessLogic */ = {
			isa = PBXGroup;
			children = (
				F16A05212A8F93280052489F /* NetworkLayerTest */,
				3096D5AE2A4D6CF700F3FB2E /* Models */,
			);
			path = BusinessLogic;
			sourceTree = "<group>";
		};
		3096D5AE2A4D6CF700F3FB2E /* Models */ = {
			isa = PBXGroup;
			children = (
				302A1F3E2A78E76C008C78FD /* PortfolioCoin.swift */,
				302A1F402A78EA33008C78FD /* PortfolioCoinModel.swift */,
				F135DEE92A7BD938000F7B23 /* Coinss.swift */,
				3096D5AF2A4D6D0900F3FB2E /* Coin.swift */,
			);
			path = Models;
			sourceTree = "<group>";
		};
		3096D5B12A4D6EA400F3FB2E /* PresentationLogic */ = {
			isa = PBXGroup;
			children = (
				F194559C2A6EE0F4002E5A3F /* CoreData */,
				F194559E2A6EE13B002E5A3F /* Portfolio */,
				F17758BD2A4E2B11006D1818 /* Favourites */,
				3096D5B72A4D6FE200F3FB2E /* CoinDetails */,
				3096D5B22A4D6EB200F3FB2E /* CoinsList */,
			);
			path = PresentationLogic;
			sourceTree = "<group>";
		};
		3096D5B22A4D6EB200F3FB2E /* CoinsList */ = {
			isa = PBXGroup;
			children = (
				3096D5BA2A4D760C00F3FB2E /* SubViews */,
				F19FAF562A48C36200777138 /* CoinsListView.swift */,
				3096D5B32A4D6ED000F3FB2E /* CoinsListViewModel.swift */,
			);
			path = CoinsList;
			sourceTree = "<group>";
		};
		3096D5B72A4D6FE200F3FB2E /* CoinDetails */ = {
			isa = PBXGroup;
			children = (
				3096D5AB2A4D6CC100F3FB2E /* CoinDetailView.swift */,
				3096D5B52A4D6F8400F3FB2E /* CoinDetailViewModel.swift */,
			);
			path = CoinDetails;
			sourceTree = "<group>";
		};
		3096D5BA2A4D760C00F3FB2E /* SubViews */ = {
			isa = PBXGroup;
			children = (
				3096D5B82A4D75AA00F3FB2E /* CoinListRow.swift */,
			);
			path = SubViews;
			sourceTree = "<group>";
		};
		F135DEDC2A6F133C000F7B23 /* Entities */ = {
			isa = PBXGroup;
			children = (
				F135DEE72A7BD8A3000F7B23 /* PortfolioListRow.swift */,
			);
			path = Entities;
			sourceTree = "<group>";
		};
		F16A05212A8F93280052489F /* NetworkLayerTest */ = {
			isa = PBXGroup;
			children = (
				F16A052A2A8F9DD90052489F /* Extensions */,
				F106B9D02A8FBC3D0063E6E1 /* CoinError.swift */,
				F16A05262A8F9A020052489F /* CoinFullListView.swift */,
				F16A05282A8F9A8F0052489F /* CoinRowView.swift */,
				F16A051F2A8F8CB80052489F /* CoinModel.swift */,
				F16A052D2A8FA9B10052489F /* ContentViewModel.swift */,
				F12B06522A950B2300120CE9 /* NetworkLayer.swift */,
			);
			path = NetworkLayerTest;
			sourceTree = "<group>";
		};
		F16A052A2A8F9DD90052489F /* Extensions */ = {
			isa = PBXGroup;
			children = (
				F16A052B2A8F9DEF0052489F /* Double.swift */,
			);
			path = Extensions;
			sourceTree = "<group>";
		};
		F17758BD2A4E2B11006D1818 /* Favourites */ = {
			isa = PBXGroup;
			children = (
				F1DCD89A2A49FBBA0037868A /* FavouritesView.swift */,
				F1D84F3E2A54216E00AA4C8D /* FavouriteViewModel.swift */,
			);
			path = Favourites;
			sourceTree = "<group>";
		};
		F194559C2A6EE0F4002E5A3F /* CoreData */ = {
			isa = PBXGroup;
			children = (
				F1F764E72A65EA8600967E9A /* CoinsContainer.xcdatamodeld */,
				F1F764E52A65EA6A00967E9A /* CoreDataManager.swift */,
				F19455A72A6EE20F002E5A3F /* PortfolioContainer.xcdatamodeld */,
				F194559F2A6EE169002E5A3F /* CoreDataPortfolio.swift */,
			);
			name = CoreData;
			path = Favourites/CoreData;
			sourceTree = "<group>";
		};
		F194559E2A6EE13B002E5A3F /* Portfolio */ = {
			isa = PBXGroup;
			children = (
				F135DEDC2A6F133C000F7B23 /* Entities */,
				F19455A32A6EE1A7002E5A3F /* PortfolioView.swift */,
				F19455A52A6EE1C9002E5A3F /* PortfolioViewModel.swift */,
			);
			name = Portfolio;
			path = Favourites/CoreData/Portfolio;
			sourceTree = "<group>";
		};
		F19FAF482A48C36100777138 = {
			isa = PBXGroup;
			children = (
				F19FAF532A48C36200777138 /* Crypto_1_Edition */,
				F19FAF522A48C36200777138 /* Products */,
			);
			sourceTree = "<group>";
		};
		F19FAF522A48C36200777138 /* Products */ = {
			isa = PBXGroup;
			children = (
				F19FAF512A48C36200777138 /* Crypto_1_Edition.app */,
			);
			name = Products;
			sourceTree = "<group>";
		};
		F19FAF532A48C36200777138 /* Crypto_1_Edition */ = {
			isa = PBXGroup;
			children = (
				F135DEDD2A718A62000F7B23 /* Crypto-1-Edition-Info.plist */,
				3096D5B12A4D6EA400F3FB2E /* PresentationLogic */,
				3096D5AD2A4D6CED00F3FB2E /* BusinessLogic */,
				F19FAF542A48C36200777138 /* Crypto_1_EditionApp.swift */,
				F19FAF582A48C36400777138 /* Assets.xcassets */,
				F19FAF5A2A48C36400777138 /* Preview Content */,
			);
			path = Crypto_1_Edition;
			sourceTree = "<group>";
		};
		F19FAF5A2A48C36400777138 /* Preview Content */ = {
			isa = PBXGroup;
			children = (
				F19FAF5B2A48C36400777138 /* Preview Assets.xcassets */,
			);
			path = "Preview Content";
			sourceTree = "<group>";
		};
/* End PBXGroup section */

/* Begin PBXNativeTarget section */
		F19FAF502A48C36200777138 /* Crypto_1_Edition */ = {
			isa = PBXNativeTarget;
			buildConfigurationList = F19FAF5F2A48C36400777138 /* Build configuration list for PBXNativeTarget "Crypto_1_Edition" */;
			buildPhases = (
				F19FAF4D2A48C36200777138 /* Sources */,
				F19FAF4E2A48C36200777138 /* Frameworks */,
				F19FAF4F2A48C36200777138 /* Resources */,
			);
			buildRules = (
			);
			dependencies = (
			);
			name = Crypto_1_Edition;
			productName = Crypto_1_Edition;
			productReference = F19FAF512A48C36200777138 /* Crypto_1_Edition.app */;
			productType = "com.apple.product-type.application";
		};
/* End PBXNativeTarget section */

/* Begin PBXProject section */
		F19FAF492A48C36100777138 /* Project object */ = {
			isa = PBXProject;
			attributes = {
				BuildIndependentTargetsInParallel = 1;
				LastSwiftUpdateCheck = 1420;
				LastUpgradeCheck = 1420;
				TargetAttributes = {
					F19FAF502A48C36200777138 = {
						CreatedOnToolsVersion = 14.2;
					};
				};
			};
			buildConfigurationList = F19FAF4C2A48C36100777138 /* Build configuration list for PBXProject "Crypto_1_Edition" */;
			compatibilityVersion = "Xcode 14.0";
			developmentRegion = en;
			hasScannedForEncodings = 0;
			knownRegions = (
				en,
				Base,
			);
			mainGroup = F19FAF482A48C36100777138;
			productRefGroup = F19FAF522A48C36200777138 /* Products */;
			projectDirPath = "";
			projectRoot = "";
			targets = (
				F19FAF502A48C36200777138 /* Crypto_1_Edition */,
			);
		};
/* End PBXProject section */

/* Begin PBXResourcesBuildPhase section */
		F19FAF4F2A48C36200777138 /* Resources */ = {
			isa = PBXResourcesBuildPhase;
			buildActionMask = 2147483647;
			files = (
				F19FAF5C2A48C36400777138 /* Preview Assets.xcassets in Resources */,
				F19FAF592A48C36400777138 /* Assets.xcassets in Resources */,
			);
			runOnlyForDeploymentPostprocessing = 0;
		};
/* End PBXResourcesBuildPhase section */

/* Begin PBXSourcesBuildPhase section */
		F19FAF4D2A48C36200777138 /* Sources */ = {
			isa = PBXSourcesBuildPhase;
			buildActionMask = 2147483647;
			files = (
				F16A05202A8F8CB80052489F /* CoinModel.swift in Sources */,
				3096D5B42A4D6ED000F3FB2E /* CoinsListViewModel.swift in Sources */,
				302A1F3F2A78E76C008C78FD /* PortfolioCoin.swift in Sources */,
				302A1F412A78EA33008C78FD /* PortfolioCoinModel.swift in Sources */,
				3096D5B92A4D75AA00F3FB2E /* CoinListRow.swift in Sources */,
				F19455A62A6EE1C9002E5A3F /* PortfolioViewModel.swift in Sources */,
				F1DCD89B2A49FBBA0037868A /* FavouritesView.swift in Sources */,
				F19FAF572A48C36200777138 /* CoinsListView.swift in Sources */,
				3096D5AC2A4D6CC100F3FB2E /* CoinDetailView.swift in Sources */,
				F16A052E2A8FA9B10052489F /* ContentViewModel.swift in Sources */,
				F135DEEA2A7BD938000F7B23 /* Coinss.swift in Sources */,
				F16A052C2A8F9DEF0052489F /* Double.swift in Sources */,
				F16A05272A8F9A020052489F /* CoinFullListView.swift in Sources */,
				F19455A42A6EE1A7002E5A3F /* PortfolioView.swift in Sources */,
				3096D5B02A4D6D0900F3FB2E /* Coin.swift in Sources */,
				F106B9D12A8FBC3D0063E6E1 /* CoinError.swift in Sources */,
				F12B06532A950B2300120CE9 /* NetworkLayer.swift in Sources */,
				F1D84F3F2A54216E00AA4C8D /* FavouriteViewModel.swift in Sources */,
				F19FAF552A48C36200777138 /* Crypto_1_EditionApp.swift in Sources */,
				F16A05292A8F9A8F0052489F /* CoinRowView.swift in Sources */,
				3096D5B62A4D6F8400F3FB2E /* CoinDetailViewModel.swift in Sources */,
				F19455A92A6EE20F002E5A3F /* PortfolioContainer.xcdatamodeld in Sources */,
				F19455A02A6EE169002E5A3F /* CoreDataPortfolio.swift in Sources */,
				F1F764E92A65EA8600967E9A /* CoinsContainer.xcdatamodeld in Sources */,
				F1F764E62A65EA6A00967E9A /* CoreDataManager.swift in Sources */,
				F135DEE82A7BD8A3000F7B23 /* PortfolioListRow.swift in Sources */,
			);
			runOnlyForDeploymentPostprocessing = 0;
		};
/* End PBXSourcesBuildPhase section */

/* Begin XCBuildConfiguration section */
		F19FAF5D2A48C36400777138 /* Debug */ = {
			isa = XCBuildConfiguration;
			buildSettings = {
				ALWAYS_SEARCH_USER_PATHS = NO;
				CLANG_ANALYZER_NONNULL = YES;
				CLANG_ANALYZER_NUMBER_OBJECT_CONVERSION = YES_AGGRESSIVE;
				CLANG_CXX_LANGUAGE_STANDARD = "gnu++20";
				CLANG_ENABLE_MODULES = YES;
				CLANG_ENABLE_OBJC_ARC = YES;
				CLANG_ENABLE_OBJC_WEAK = YES;
				CLANG_WARN_BLOCK_CAPTURE_AUTORELEASING = YES;
				CLANG_WARN_BOOL_CONVERSION = YES;
				CLANG_WARN_COMMA = YES;
				CLANG_WARN_CONSTANT_CONVERSION = YES;
				CLANG_WARN_DEPRECATED_OBJC_IMPLEMENTATIONS = YES;
				CLANG_WARN_DIRECT_OBJC_ISA_USAGE = YES_ERROR;
				CLANG_WARN_DOCUMENTATION_COMMENTS = YES;
				CLANG_WARN_EMPTY_BODY = YES;
				CLANG_WARN_ENUM_CONVERSION = YES;
				CLANG_WARN_INFINITE_RECURSION = YES;
				CLANG_WARN_INT_CONVERSION = YES;
				CLANG_WARN_NON_LITERAL_NULL_CONVERSION = YES;
				CLANG_WARN_OBJC_IMPLICIT_RETAIN_SELF = YES;
				CLANG_WARN_OBJC_LITERAL_CONVERSION = YES;
				CLANG_WARN_OBJC_ROOT_CLASS = YES_ERROR;
				CLANG_WARN_QUOTED_INCLUDE_IN_FRAMEWORK_HEADER = YES;
				CLANG_WARN_RANGE_LOOP_ANALYSIS = YES;
				CLANG_WARN_STRICT_PROTOTYPES = YES;
				CLANG_WARN_SUSPICIOUS_MOVE = YES;
				CLANG_WARN_UNGUARDED_AVAILABILITY = YES_AGGRESSIVE;
				CLANG_WARN_UNREACHABLE_CODE = YES;
				CLANG_WARN__DUPLICATE_METHOD_MATCH = YES;
				COPY_PHASE_STRIP = NO;
				DEBUG_INFORMATION_FORMAT = dwarf;
				ENABLE_STRICT_OBJC_MSGSEND = YES;
				ENABLE_TESTABILITY = YES;
				GCC_C_LANGUAGE_STANDARD = gnu11;
				GCC_DYNAMIC_NO_PIC = NO;
				GCC_NO_COMMON_BLOCKS = YES;
				GCC_OPTIMIZATION_LEVEL = 0;
				GCC_PREPROCESSOR_DEFINITIONS = (
					"DEBUG=1",
					"$(inherited)",
				);
				GCC_WARN_64_TO_32_BIT_CONVERSION = YES;
				GCC_WARN_ABOUT_RETURN_TYPE = YES_ERROR;
				GCC_WARN_UNDECLARED_SELECTOR = YES;
				GCC_WARN_UNINITIALIZED_AUTOS = YES_AGGRESSIVE;
				GCC_WARN_UNUSED_FUNCTION = YES;
				GCC_WARN_UNUSED_VARIABLE = YES;
				IPHONEOS_DEPLOYMENT_TARGET = 16.2;
				MTL_ENABLE_DEBUG_INFO = INCLUDE_SOURCE;
				MTL_FAST_MATH = YES;
				ONLY_ACTIVE_ARCH = YES;
				SDKROOT = iphoneos;
				SWIFT_ACTIVE_COMPILATION_CONDITIONS = DEBUG;
				SWIFT_OPTIMIZATION_LEVEL = "-Onone";
			};
			name = Debug;
		};
		F19FAF5E2A48C36400777138 /* Release */ = {
			isa = XCBuildConfiguration;
			buildSettings = {
				ALWAYS_SEARCH_USER_PATHS = NO;
				CLANG_ANALYZER_NONNULL = YES;
				CLANG_ANALYZER_NUMBER_OBJECT_CONVERSION = YES_AGGRESSIVE;
				CLANG_CXX_LANGUAGE_STANDARD = "gnu++20";
				CLANG_ENABLE_MODULES = YES;
				CLANG_ENABLE_OBJC_ARC = YES;
				CLANG_ENABLE_OBJC_WEAK = YES;
				CLANG_WARN_BLOCK_CAPTURE_AUTORELEASING = YES;
				CLANG_WARN_BOOL_CONVERSION = YES;
				CLANG_WARN_COMMA = YES;
				CLANG_WARN_CONSTANT_CONVERSION = YES;
				CLANG_WARN_DEPRECATED_OBJC_IMPLEMENTATIONS = YES;
				CLANG_WARN_DIRECT_OBJC_ISA_USAGE = YES_ERROR;
				CLANG_WARN_DOCUMENTATION_COMMENTS = YES;
				CLANG_WARN_EMPTY_BODY = YES;
				CLANG_WARN_ENUM_CONVERSION = YES;
				CLANG_WARN_INFINITE_RECURSION = YES;
				CLANG_WARN_INT_CONVERSION = YES;
				CLANG_WARN_NON_LITERAL_NULL_CONVERSION = YES;
				CLANG_WARN_OBJC_IMPLICIT_RETAIN_SELF = YES;
				CLANG_WARN_OBJC_LITERAL_CONVERSION = YES;
				CLANG_WARN_OBJC_ROOT_CLASS = YES_ERROR;
				CLANG_WARN_QUOTED_INCLUDE_IN_FRAMEWORK_HEADER = YES;
				CLANG_WARN_RANGE_LOOP_ANALYSIS = YES;
				CLANG_WARN_STRICT_PROTOTYPES = YES;
				CLANG_WARN_SUSPICIOUS_MOVE = YES;
				CLANG_WARN_UNGUARDED_AVAILABILITY = YES_AGGRESSIVE;
				CLANG_WARN_UNREACHABLE_CODE = YES;
				CLANG_WARN__DUPLICATE_METHOD_MATCH = YES;
				COPY_PHASE_STRIP = NO;
				DEBUG_INFORMATION_FORMAT = "dwarf-with-dsym";
				ENABLE_NS_ASSERTIONS = NO;
				ENABLE_STRICT_OBJC_MSGSEND = YES;
				GCC_C_LANGUAGE_STANDARD = gnu11;
				GCC_NO_COMMON_BLOCKS = YES;
				GCC_WARN_64_TO_32_BIT_CONVERSION = YES;
				GCC_WARN_ABOUT_RETURN_TYPE = YES_ERROR;
				GCC_WARN_UNDECLARED_SELECTOR = YES;
				GCC_WARN_UNINITIALIZED_AUTOS = YES_AGGRESSIVE;
				GCC_WARN_UNUSED_FUNCTION = YES;
				GCC_WARN_UNUSED_VARIABLE = YES;
				IPHONEOS_DEPLOYMENT_TARGET = 16.2;
				MTL_ENABLE_DEBUG_INFO = NO;
				MTL_FAST_MATH = YES;
				SDKROOT = iphoneos;
				SWIFT_COMPILATION_MODE = wholemodule;
				SWIFT_OPTIMIZATION_LEVEL = "-O";
				VALIDATE_PRODUCT = YES;
			};
			name = Release;
		};
		F19FAF602A48C36400777138 /* Debug */ = {
			isa = XCBuildConfiguration;
			buildSettings = {
				ASSETCATALOG_COMPILER_APPICON_NAME = AppIcon;
				ASSETCATALOG_COMPILER_GLOBAL_ACCENT_COLOR_NAME = AccentColor;
				CODE_SIGN_STYLE = Manual;
				CURRENT_PROJECT_VERSION = 1;
				DEVELOPMENT_ASSET_PATHS = "\"Crypto_1_Edition/Preview Content\"";
				DEVELOPMENT_TEAM = "";
				ENABLE_PREVIEWS = YES;
				GENERATE_INFOPLIST_FILE = YES;
				INFOPLIST_FILE = "Crypto-1-Edition-Info.plist";
				INFOPLIST_KEY_UIApplicationSupportsIndirectInputEvents = YES;
				INFOPLIST_KEY_UILaunchScreen_Generation = YES;
				INFOPLIST_KEY_UISupportedInterfaceOrientations_iPad = "UIInterfaceOrientationPortrait UIInterfaceOrientationPortraitUpsideDown UIInterfaceOrientationLandscapeLeft UIInterfaceOrientationLandscapeRight";
				INFOPLIST_KEY_UISupportedInterfaceOrientations_iPhone = "UIInterfaceOrientationPortrait UIInterfaceOrientationLandscapeLeft UIInterfaceOrientationLandscapeRight";
				LD_RUNPATH_SEARCH_PATHS = (
					"$(inherited)",
					"@executable_path/Frameworks",
				);
				MARKETING_VERSION = 1.0;
				PRODUCT_BUNDLE_IDENTIFIER = "me.Siarhei.Kuryan.Crypto-1-Edition";
				PRODUCT_NAME = "$(TARGET_NAME)";
				PROVISIONING_PROFILE_SPECIFIER = "";
				SWIFT_EMIT_LOC_STRINGS = YES;
				SWIFT_VERSION = 5.0;
				TARGETED_DEVICE_FAMILY = "1,2";
			};
			name = Debug;
		};
		F19FAF612A48C36400777138 /* Release */ = {
			isa = XCBuildConfiguration;
			buildSettings = {
				ASSETCATALOG_COMPILER_APPICON_NAME = AppIcon;
				ASSETCATALOG_COMPILER_GLOBAL_ACCENT_COLOR_NAME = AccentColor;
				CODE_SIGN_STYLE = Manual;
				CURRENT_PROJECT_VERSION = 1;
				DEVELOPMENT_ASSET_PATHS = "\"Crypto_1_Edition/Preview Content\"";
				DEVELOPMENT_TEAM = "";
				ENABLE_PREVIEWS = YES;
				GENERATE_INFOPLIST_FILE = YES;
				INFOPLIST_FILE = "Crypto-1-Edition-Info.plist";
				INFOPLIST_KEY_UIApplicationSupportsIndirectInputEvents = YES;
				INFOPLIST_KEY_UILaunchScreen_Generation = YES;
				INFOPLIST_KEY_UISupportedInterfaceOrientations_iPad = "UIInterfaceOrientationPortrait UIInterfaceOrientationPortraitUpsideDown UIInterfaceOrientationLandscapeLeft UIInterfaceOrientationLandscapeRight";
				INFOPLIST_KEY_UISupportedInterfaceOrientations_iPhone = "UIInterfaceOrientationPortrait UIInterfaceOrientationLandscapeLeft UIInterfaceOrientationLandscapeRight";
				LD_RUNPATH_SEARCH_PATHS = (
					"$(inherited)",
					"@executable_path/Frameworks",
				);
				MARKETING_VERSION = 1.0;
				PRODUCT_BUNDLE_IDENTIFIER = "me.Siarhei.Kuryan.Crypto-1-Edition";
				PRODUCT_NAME = "$(TARGET_NAME)";
				PROVISIONING_PROFILE_SPECIFIER = "";
				SWIFT_EMIT_LOC_STRINGS = YES;
				SWIFT_VERSION = 5.0;
				TARGETED_DEVICE_FAMILY = "1,2";
			};
			name = Release;
		};
/* End XCBuildConfiguration section */

/* Begin XCConfigurationList section */
		F19FAF4C2A48C36100777138 /* Build configuration list for PBXProject "Crypto_1_Edition" */ = {
			isa = XCConfigurationList;
			buildConfigurations = (
				F19FAF5D2A48C36400777138 /* Debug */,
				F19FAF5E2A48C36400777138 /* Release */,
			);
			defaultConfigurationIsVisible = 0;
			defaultConfigurationName = Release;
		};
		F19FAF5F2A48C36400777138 /* Build configuration list for PBXNativeTarget "Crypto_1_Edition" */ = {
			isa = XCConfigurationList;
			buildConfigurations = (
				F19FAF602A48C36400777138 /* Debug */,
				F19FAF612A48C36400777138 /* Release */,
			);
			defaultConfigurationIsVisible = 0;
			defaultConfigurationName = Release;
		};
/* End XCConfigurationList section */

/* Begin XCVersionGroup section */
		F19455A72A6EE20F002E5A3F /* PortfolioContainer.xcdatamodeld */ = {
			isa = XCVersionGroup;
			children = (
				F19455A82A6EE20F002E5A3F /* PortfolioContainer.xcdatamodel */,
			);
			currentVersion = F19455A82A6EE20F002E5A3F /* PortfolioContainer.xcdatamodel */;
			path = PortfolioContainer.xcdatamodeld;
			sourceTree = "<group>";
			versionGroupType = wrapper.xcdatamodel;
		};
		F1F764E72A65EA8600967E9A /* CoinsContainer.xcdatamodeld */ = {
			isa = XCVersionGroup;
			children = (
				F1F764E82A65EA8600967E9A /* CoinsContainer.xcdatamodel */,
			);
			currentVersion = F1F764E82A65EA8600967E9A /* CoinsContainer.xcdatamodel */;
			path = CoinsContainer.xcdatamodeld;
			sourceTree = "<group>";
			versionGroupType = wrapper.xcdatamodel;
		};
/* End XCVersionGroup section */
	};
	rootObject = F19FAF492A48C36100777138 /* Project object */;
}
